<Solution>
  <Folder Name="/samples/">
    <Project Path="samples/Maui.Linux.Sample/Maui.Linux.Sample.csproj" />
  </Folder>
  <Folder Name="/src/">
    <Project Path="src/Maui.Linux.BlazorWebView/Maui.Linux.BlazorWebView.csproj" />
    <Project Path="src/Maui.Linux.Essentials/Maui.Linux.Essentials.csproj" />
    <Project Path="src/Maui.Linux/Maui.Linux.csproj" />
  </Folder>
</Solution>
